{
  "name": "@uinessashuvalova/ajs-3.2",
  "version": "1.0.0",
  "lockfileVersion": 1,
  "requires": true,
  "dependencies": {
    "@inessashuvalova/ajs-3.1": {
      "version": "1.0.0",
      "resolved": "https://npm.pkg.github.com/download/@inessashuvalova/ajs-3.1/1.0.0/23d41578c2ccee4beae88973c67e4eedd2ad57fb70238b43f7944ddc7a22ef9f",
      "integrity": "sha512-nUF7qBsEm3YPH7aYABsU7FfQXmDbz44KEwXHd+I3WtpzCbtw/670M+1OZTtzQyPguwFy6XeVbfPPVSCzlUztUg=="
    }
  }
}
